{
	"name": "abilities-api",
	"version": "1.0.0",
	"lockfileVersion": 3,
	"requires": true,
	"packages": {
		"": {
			"name": "abilities-api",
			"version": "1.0.0",
			"license": "GPL-2.0-or-later",
			"dependencies": {
				"@wordpress/abilities": "file:../../../../packages/abilities/",
				"@wordpress/api-fetch": "file:../../../../packages/api-fetch/",
				"@wordpress/block-editor": "file:../../../../packages/block-editor/",
				"@wordpress/core-abilities": "file:../../../../packages/core-abilities/",
				"@wordpress/data": "file:../../../../packages/data/",
				"@wordpress/editor": "file:../../../../packages/editor/",
				"@wordpress/element": "file:../../../../packages/element/",
				"@wordpress/plugins": "file:../../../../packages/plugins/",
				"@wordpress/url": "file:../../../../packages/url/"
			},
			"devDependencies": {
				"@wordpress/scripts": "file:../../../../packages/scripts/"
			}
		},
		"../../../../packages/abilities": {},
		"../../../../packages/api-fetch": {},
		"../../../../packages/block-editor": {},
		"../../../../packages/core-abilities": {},
		"../../../../packages/data": {},
		"../../../../packages/editor": {},
		"../../../../packages/element": {},
		"../../../../packages/plugins": {},
		"../../../../packages/scripts": {
			"dev": true
		},
		"../../../../packages/url": {},
		"node_modules/@wordpress/abilities": {
			"resolved": "../../../../packages/abilities",
			"link": true
		},
		"node_modules/@wordpress/api-fetch": {
			"resolved": "../../../../packages/api-fetch",
			"link": true
		},
		"node_modules/@wordpress/block-editor": {
			"resolved": "../../../../packages/block-editor",
			"link": true
		},
		"node_modules/@wordpress/core-abilities": {
			"resolved": "../../../../packages/core-abilities",
			"link": true
		},
		"node_modules/@wordpress/data": {
			"resolved": "../../../../packages/data",
			"link": true
		},
		"node_modules/@wordpress/editor": {
			"resolved": "../../../../packages/editor",
			"link": true
		},
		"node_modules/@wordpress/element": {
			"resolved": "../../../../packages/element",
			"link": true
		},
		"node_modules/@wordpress/plugins": {
			"resolved": "../../../../packages/plugins",
			"link": true
		},
		"node_modules/@wordpress/scripts": {
			"resolved": "../../../../packages/scripts",
			"link": true
		},
		"node_modules/@wordpress/url": {
			"resolved": "../../../../packages/url",
			"link": true
		}
	}
}
