{
	"name": "block-binding",
	"version": "1.0.0",
	"lockfileVersion": 3,
	"requires": true,
	"packages": {
		"": {
			"name": "block-binding",
			"version": "1.0.0",
			"license": "GPL-2.0-or-later",
			"devDependencies": {
				"@wordpress/blocks": "file:../../../../packages/blocks/",
				"@wordpress/dom-ready": "file:../../../../packages/dom-ready/",
				"@wordpress/scripts": "file:../../../../packages/scripts/"
			}
		},
		"../../../../packages/blocks": {
			"dev": true
		},
		"../../../../packages/dom-ready": {
			"dev": true
		},
		"../../../../packages/scripts": {
			"dev": true
		},
		"node_modules/@wordpress/blocks": {
			"resolved": "../../../../packages/blocks",
			"link": true
		},
		"node_modules/@wordpress/dom-ready": {
			"resolved": "../../../../packages/dom-ready",
			"link": true
		},
		"node_modules/@wordpress/scripts": {
			"resolved": "../../../../packages/scripts",
			"link": true
		}
	}
}
