{
	"name": "data-views",
	"version": "1.0.0",
	"lockfileVersion": 3,
	"requires": true,
	"packages": {
		"": {
			"name": "data-views",
			"version": "1.0.0",
			"license": "ISC",
			"dependencies": {
				"@wordpress/components": "file:../../../packages/components",
				"@wordpress/dataviews": "file:../../../packages/dataviews",
				"@wordpress/dom-ready": "file:../../../packages/dom-ready",
				"@wordpress/element": "file:../../../packages/element",
				"@wordpress/icons": "file:../../../packages/icons",
				"@wordpress/theme": "file:../../../packages/theme",
				"react": "^19.2.5",
				"react-dom": "^19.2.5"
			},
			"devDependencies": {
				"@wordpress/build": "file:../../../packages/wp-build",
				"@wordpress/scripts": "file:../../../packages/scripts"
			}
		},
		"../../../packages/build": {
			"extraneous": true
		},
		"../../../packages/components": {
			"name": "@wordpress/components",
			"version": "39.0.0",
			"license": "GPL-2.0-or-later",
			"dependencies": {
				"@ariakit/react": "^0.4.37",
				"@date-fns/utc": "^2.1.1",
				"@emotion/cache": "^11.14.0",
				"@emotion/css": "^11.13.5",
				"@emotion/react": "^11.14.0",
				"@emotion/serialize": "^1.3.3",
				"@emotion/styled": "^11.14.1",
				"@emotion/utils": "^1.4.2",
				"@floating-ui/react-dom": "^2.1.9",
				"@types/gradient-parser": "^1.1.0",
				"@types/highlight-words-core": "^1.2.1",
				"@use-gesture/react": "^10.3.1",
				"@wordpress/a11y": "file:../a11y",
				"@wordpress/base-styles": "file:../base-styles",
				"@wordpress/compose": "file:../compose",
				"@wordpress/date": "file:../date",
				"@wordpress/deprecated": "file:../deprecated",
				"@wordpress/dom": "file:../dom",
				"@wordpress/element": "file:../element",
				"@wordpress/escape-html": "file:../escape-html",
				"@wordpress/hooks": "file:../hooks",
				"@wordpress/html-entities": "file:../html-entities",
				"@wordpress/i18n": "file:../i18n",
				"@wordpress/icons": "file:../icons",
				"@wordpress/is-shallow-equal": "file:../is-shallow-equal",
				"@wordpress/kebab-case": "file:../kebab-case",
				"@wordpress/keycodes": "file:../keycodes",
				"@wordpress/primitives": "file:../primitives",
				"@wordpress/private-apis": "file:../private-apis",
				"@wordpress/rich-text": "file:../rich-text",
				"@wordpress/style-runtime": "file:../style-runtime",
				"@wordpress/ui": "file:../ui",
				"@wordpress/warning": "file:../warning",
				"change-case": "^4.1.2",
				"clsx": "^2.1.1",
				"colord": "^2.9.3",
				"csstype": "^3.2.3",
				"date-fns": "^4.4.0",
				"deepmerge": "^4.3.1",
				"fast-deep-equal": "^3.1.3",
				"framer-motion": "^11.15.0",
				"gradient-parser": "^1.1.1",
				"highlight-words-core": "^1.2.2",
				"is-plain-object": "^5.1.0",
				"memize": "^2.1.1",
				"path-to-regexp": "^6.2.1",
				"re-resizable": "^6.4.0",
				"react-colorful": "^5.6.1",
				"remove-accents": "^0.5.0",
				"uuid": "^14.0.0"
			},
			"devDependencies": {
				"@ariakit/test": "^0.7.4",
				"@storybook/addon-docs": "^10.5.3",
				"@storybook/react-vite": "^10.5.3",
				"@testing-library/dom": "^10.4.1",
				"@testing-library/jest-dom": "^6.9.1",
				"@testing-library/react": "^16.3.2",
				"@testing-library/user-event": "^14.6.1",
				"@types/jest": "^30.0.0",
				"@types/react-dom": "^18.3.1",
				"@wordpress/jest-console": "file:../jest-console",
				"@wordpress/stylelint-tools": "file:../../tools/stylelint",
				"snapshot-diff": "^0.10.0",
				"storybook": "^10.5.3",
				"timezone-mock": "^1.3.6"
			},
			"engines": {
				"node": ">=18.12.0",
				"npm": ">=8.19.2"
			},
			"peerDependencies": {
				"@types/react": "^18 || ^19",
				"react": "^18 || ^19",
				"react-dom": "^18 || ^19"
			},
			"peerDependenciesMeta": {
				"@types/react": {
					"optional": true
				}
			}
		},
		"../../../packages/dataviews": {
			"name": "@wordpress/dataviews",
			"version": "18.0.0",
			"license": "GPL-2.0-or-later",
			"dependencies": {
				"@ariakit/react": "^0.4.37",
				"@date-fns/tz": "^1.5.0",
				"@wordpress/a11y": "file:../a11y",
				"@wordpress/base-styles": "file:../base-styles",
				"@wordpress/components": "file:../components",
				"@wordpress/compose": "file:../compose",
				"@wordpress/data": "file:../data",
				"@wordpress/date": "file:../date",
				"@wordpress/deprecated": "file:../deprecated",
				"@wordpress/element": "file:../element",
				"@wordpress/i18n": "file:../i18n",
				"@wordpress/icons": "file:../icons",
				"@wordpress/kebab-case": "file:../kebab-case",
				"@wordpress/keycodes": "file:../keycodes",
				"@wordpress/primitives": "file:../primitives",
				"@wordpress/ui": "file:../ui",
				"@wordpress/warning": "file:../warning",
				"clsx": "^2.1.1",
				"colord": "^2.9.3",
				"date-fns": "^4.4.0",
				"deepmerge": "^4.3.1",
				"fast-deep-equal": "^3.1.3",
				"remove-accents": "^0.5.0"
			},
			"devDependencies": {
				"@storybook/addon-docs": "^10.5.3",
				"@storybook/react-vite": "^10.5.3",
				"@testing-library/dom": "^10.4.1",
				"@testing-library/jest-dom": "^6.9.1",
				"@testing-library/react": "^16.3.2",
				"@testing-library/user-event": "^14.6.1",
				"@types/jest": "^30.0.0",
				"@types/node": "^20.19.39",
				"esbuild": "^0.27.2",
				"storybook": "^10.5.3"
			},
			"engines": {
				"node": ">=18.12.0",
				"npm": ">=8.19.2"
			},
			"peerDependencies": {
				"@types/react": "^18 || ^19",
				"react": "^18 || ^19",
				"react-dom": "^18 || ^19"
			},
			"peerDependenciesMeta": {
				"@types/react": {
					"optional": true
				}
			}
		},
		"../../../packages/dom-ready": {
			"name": "@wordpress/dom-ready",
			"version": "4.53.0",
			"license": "GPL-2.0-or-later",
			"devDependencies": {
				"@types/jest": "^30.0.0"
			},
			"engines": {
				"node": ">=18.12.0",
				"npm": ">=8.19.2"
			}
		},
		"../../../packages/element": {
			"name": "@wordpress/element",
			"version": "8.5.0",
			"license": "GPL-2.0-or-later",
			"dependencies": {
				"@wordpress/deprecated": "file:../deprecated",
				"@wordpress/escape-html": "file:../escape-html",
				"change-case": "^4.1.2",
				"is-plain-object": "^5.1.0"
			},
			"devDependencies": {
				"@testing-library/dom": "^10.4.1",
				"@testing-library/react": "^16.3.2",
				"@types/jest": "^30.0.0",
				"@wordpress/jest-console": "file:../jest-console"
			},
			"engines": {
				"node": ">=18.12.0",
				"npm": ">=8.19.2"
			},
			"peerDependencies": {
				"@types/react": "^18 || ^19",
				"@types/react-dom": "^18 || ^19",
				"react": "^18 || ^19",
				"react-dom": "^18 || ^19"
			},
			"peerDependenciesMeta": {
				"@types/react": {
					"optional": true
				},
				"@types/react-dom": {
					"optional": true
				}
			}
		},
		"../../../packages/icons": {
			"name": "@wordpress/icons",
			"version": "15.4.0",
			"license": "GPL-2.0-or-later",
			"dependencies": {
				"@wordpress/element": "file:../element",
				"@wordpress/primitives": "file:../primitives",
				"change-case": "^4.1.2"
			},
			"devDependencies": {
				"@storybook/react-vite": "^10.5.3",
				"@types/jest": "^30.0.0"
			},
			"engines": {
				"node": ">=18.12.0",
				"npm": ">=8.19.2"
			},
			"peerDependencies": {
				"@types/react": "^18 || ^19",
				"react": "^18 || ^19"
			},
			"peerDependenciesMeta": {
				"@types/react": {
					"optional": true
				}
			}
		},
		"../../../packages/scripts": {
			"name": "@wordpress/scripts",
			"version": "34.1.0",
			"dev": true,
			"license": "GPL-2.0-or-later",
			"dependencies": {
				"@babel/core": "^7.25.7",
				"@pmmmwh/react-refresh-webpack-plugin": "^0.5.11",
				"@svgr/webpack": "^8.0.1",
				"@wordpress/babel-preset-default": "file:../babel-preset-default",
				"@wordpress/browserslist-config": "file:../browserslist-config",
				"@wordpress/dependency-extraction-webpack-plugin": "file:../dependency-extraction-webpack-plugin",
				"@wordpress/e2e-test-utils-playwright": "file:../e2e-test-utils-playwright",
				"@wordpress/eslint-plugin": "file:../eslint-plugin",
				"@wordpress/jest-preset-default": "file:../jest-preset-default",
				"@wordpress/npm-package-json-lint-config": "file:../npm-package-json-lint-config",
				"@wordpress/postcss-plugins-preset": "file:../postcss-plugins-preset",
				"@wordpress/prettier-config": "file:../prettier-config",
				"@wordpress/stylelint-config": "file:../stylelint-config",
				"adm-zip": "^0.6.0",
				"babel-jest": "^30.4.1",
				"babel-loader": "^9.2.1",
				"browserslist": "^4.28.4",
				"chalk": "^4.1.1",
				"check-node-version": "^4.1.0",
				"copy-webpack-plugin": "^10.2.0",
				"cross-spawn": "^7.0.6",
				"css-loader": "^6.2.0",
				"cssnano": "^6.0.1",
				"dir-glob": "^3.0.1",
				"eslint": "^10.0.0",
				"fast-glob": "^3.2.7",
				"jest": "^30.4.1",
				"jest-environment-jsdom": "^30.4.1",
				"jest-environment-node": "^30.4.1",
				"json2php": "^0.0.9",
				"markdownlint-cli": "^0.31.1",
				"mini-css-extract-plugin": "^2.9.2",
				"minimist": "^1.2.0",
				"npm-package-json-lint": "^6.4.0",
				"npm-packlist": "^3.0.0",
				"postcss": "^8.4.38",
				"postcss-loader": "^6.2.1",
				"prettier": "npm:wp-prettier@^3.0.3",
				"react-refresh": "^0.14.0",
				"read-pkg-up": "^7.0.1",
				"resolve-bin": "^1.0.1",
				"rtlcss": "^4.3.0",
				"sass": "^1.54.0",
				"sass-loader": "^16.0.3",
				"schema-utils": "^4.2.0",
				"source-map-loader": "^3.0.0",
				"stylelint": "^16.26.1",
				"terser-webpack-plugin": "^5.3.10",
				"url-loader": "^4.1.1",
				"webpack": "^5.108.1",
				"webpack-bundle-analyzer": "^4.9.1",
				"webpack-cli": "^5.1.4",
				"webpack-dev-server": "^5.2.1"
			},
			"bin": {
				"wp-scripts": "bin/wp-scripts.js"
			},
			"devDependencies": {
				"rimraf": "^5.0.10"
			},
			"engines": {
				"node": ">=18.12.0",
				"npm": ">=8.19.2"
			},
			"peerDependencies": {
				"@playwright/test": ">=1",
				"@wordpress/env": ">=10.0.0",
				"react": "^18 || ^19",
				"react-dom": "^18 || ^19"
			},
			"peerDependenciesMeta": {
				"@playwright/test": {
					"optional": true
				},
				"@wordpress/env": {
					"optional": true
				}
			}
		},
		"../../../packages/theme": {
			"name": "@wordpress/theme",
			"version": "1.2.0",
			"license": "GPL-2.0-or-later",
			"dependencies": {
				"@wordpress/compose": "file:../compose",
				"@wordpress/deprecated": "file:../deprecated",
				"@wordpress/element": "file:../element",
				"@wordpress/private-apis": "file:../private-apis",
				"@wordpress/style-runtime": "file:../style-runtime",
				"colorjs.io": "^0.7.1",
				"memize": "^2.1.1"
			},
			"devDependencies": {
				"@storybook/react-vite": "^10.5.3",
				"@terrazzo/parser": "^2.7.1",
				"@terrazzo/plugin-css": "^2.7.1",
				"@terrazzo/token-tools": "^2.7.1",
				"@testing-library/dom": "^10.4.1",
				"@testing-library/jest-dom": "^6.9.1",
				"@testing-library/react": "^16.3.2",
				"@testing-library/user-event": "^14.6.1",
				"@types/jest": "^30.0.0",
				"@types/node": "^20.19.39",
				"@wordpress/validation-tools": "file:../../tools/validation",
				"esbuild": "^0.27.2",
				"esbuild-esm-loader": "^0.3.3",
				"prettier": "npm:wp-prettier@^3.0.3",
				"storybook": "^10.5.3",
				"stylelint": "^16.26.1"
			},
			"engines": {
				"node": "^20.19.0 || >=22.13.0",
				"npm": ">=10.2.3"
			},
			"peerDependencies": {
				"@types/react": "^18 || ^19",
				"esbuild": ">=0.27.2 <1.0.0",
				"postcss": "^8.0.0",
				"react": "^18 || ^19",
				"react-dom": "^18 || ^19",
				"stylelint": "^16 || ^17",
				"vite": "^7 || ^8"
			},
			"peerDependenciesMeta": {
				"@types/react": {
					"optional": true
				},
				"esbuild": {
					"optional": true
				},
				"postcss": {
					"optional": true
				},
				"stylelint": {
					"optional": true
				},
				"vite": {
					"optional": true
				}
			}
		},
		"../../../packages/wp-build": {
			"name": "@wordpress/build",
			"version": "0.21.0",
			"dev": true,
			"license": "GPL-2.0-or-later",
			"dependencies": {
				"@emotion/babel-plugin": "^11.13.5",
				"@wordpress/style-runtime": "file:../style-runtime",
				"autoprefixer": "^10.4.21",
				"browserslist-to-esbuild": "^2.1.1",
				"change-case": "^4.1.2",
				"chokidar": "^4.0.0",
				"cssnano": "^6.0.1",
				"esbuild": "^0.27.2",
				"esbuild-plugin-babel": "^0.2.3",
				"esbuild-sass-plugin": "^3.3.1",
				"fast-glob": "^3.2.7",
				"moment-timezone": "^0.5.40",
				"postcss": "^8.4.38",
				"postcss-modules": "^6.0.1",
				"rtlcss": "^4.3.0",
				"sass-embedded": "^1.97.2"
			},
			"bin": {
				"wp-build": "lib/build.mjs"
			},
			"devDependencies": {
				"@types/node": "^20.19.39"
			},
			"engines": {
				"node": ">=20.10.0",
				"npm": ">=10.2.3"
			},
			"peerDependencies": {
				"@wordpress/boot": ">=0.3.0 <1.0.0",
				"@wordpress/private-apis": "^1.0.0",
				"@wordpress/route": ">=0.2.0 <1.0.0",
				"@wordpress/theme": ">=0.8.0 <2.0.0"
			},
			"peerDependenciesMeta": {
				"@wordpress/boot": {
					"optional": true
				},
				"@wordpress/private-apis": {
					"optional": true
				},
				"@wordpress/route": {
					"optional": true
				},
				"@wordpress/theme": {
					"optional": true
				}
			}
		},
		"node_modules/@wordpress/build": {
			"resolved": "../../../packages/wp-build",
			"link": true
		},
		"node_modules/@wordpress/components": {
			"resolved": "../../../packages/components",
			"link": true
		},
		"node_modules/@wordpress/dataviews": {
			"resolved": "../../../packages/dataviews",
			"link": true
		},
		"node_modules/@wordpress/dom-ready": {
			"resolved": "../../../packages/dom-ready",
			"link": true
		},
		"node_modules/@wordpress/element": {
			"resolved": "../../../packages/element",
			"link": true
		},
		"node_modules/@wordpress/icons": {
			"resolved": "../../../packages/icons",
			"link": true
		},
		"node_modules/@wordpress/scripts": {
			"resolved": "../../../packages/scripts",
			"link": true
		},
		"node_modules/@wordpress/theme": {
			"resolved": "../../../packages/theme",
			"link": true
		},
		"node_modules/react": {
			"version": "19.2.8",
			"resolved": "https://registry.npmjs.org/react/-/react-19.2.8.tgz",
			"integrity": "sha512-PWaYA1L/q9u2u7xYQi+Y3L3Yfnie7XyLeaJICV1MGD6LprsBxcAqGjYyr0eY3p+QdsA+x/Irkt4Qif8D63+Sbw==",
			"license": "MIT",
			"engines": {
				"node": ">=0.10.0"
			}
		},
		"node_modules/react-dom": {
			"version": "19.2.8",
			"resolved": "https://registry.npmjs.org/react-dom/-/react-dom-19.2.8.tgz",
			"integrity": "sha512-rVprimfGBG3DR+Tq0IQG2DT5PxKth1WIGDmj5yPmlzr4YBe7uyE+Du4oVqTDXZSHGGGXRtTJEGSSePyQCMBglQ==",
			"license": "MIT",
			"dependencies": {
				"scheduler": "^0.27.0"
			},
			"peerDependencies": {
				"react": "^19.2.8"
			}
		},
		"node_modules/scheduler": {
			"version": "0.27.0",
			"resolved": "https://registry.npmjs.org/scheduler/-/scheduler-0.27.0.tgz",
			"integrity": "sha512-eNv+WrVbKu1f3vbYJT/xtiF5syA5HPIMtf9IgY/nKg0sWqzAUEvqY/xm7OcZc/qafLx/iO9FgOmeSAp4v5ti/Q==",
			"license": "MIT"
		}
	}
}
