{
	"name": "@build-experiments/client-package-lib",
	"version": "1.0.0",
	"lockfileVersion": 3,
	"requires": true,
	"packages": {
		"": {
			"name": "@build-experiments/client-package-lib",
			"version": "1.0.0",
			"license": "GPL-2.0-or-later",
			"dependencies": {
				"@wordpress/ui": "file:../../../../../packages/ui"
			},
			"devDependencies": {
				"@types/react": "^19.2.15"
			}
		},
		"../../../../../packages/ui": {
			"name": "@wordpress/ui",
			"version": "0.14.0",
			"license": "GPL-2.0-or-later",
			"dependencies": {
				"@base-ui/react": "^1.4.1",
				"@wordpress/a11y": "file:../a11y",
				"@wordpress/compose": "file:../compose",
				"@wordpress/element": "file:../element",
				"@wordpress/i18n": "file:../i18n",
				"@wordpress/icons": "file:../icons",
				"@wordpress/keycodes": "file:../keycodes",
				"@wordpress/primitives": "file:../primitives",
				"@wordpress/private-apis": "file:../private-apis",
				"@wordpress/style-runtime": "file:../style-runtime",
				"@wordpress/theme": "file:../theme",
				"clsx": "^2.1.1",
				"tabbable": "^6.4.0"
			},
			"devDependencies": {
				"@storybook/addon-docs": "^10.2.8",
				"@storybook/react-vite": "^10.2.8",
				"@testing-library/jest-dom": "^6.9.1",
				"@types/jest": "^29.5.14",
				"@types/node": "^20.19.39",
				"storybook": "^10.2.8"
			},
			"engines": {
				"node": ">=20.10.0",
				"npm": ">=10.2.3"
			},
			"peerDependencies": {
				"react": "^19.2.4",
				"react-dom": "^19.2.4"
			}
		},
		"node_modules/@types/react": {
			"version": "19.2.17",
			"dev": true,
			"license": "MIT",
			"dependencies": {
				"csstype": "^3.2.2"
			}
		},
		"node_modules/@wordpress/ui": {
			"resolved": "../../../../../packages/ui",
			"link": true
		},
		"node_modules/csstype": {
			"version": "3.2.3",
			"dev": true,
			"license": "MIT"
		}
	}
}
