{
	"name": "build",
	"version": "1.0.0",
	"lockfileVersion": 3,
	"requires": true,
	"packages": {
		"": {
			"name": "build",
			"version": "1.0.0",
			"license": "GPL-2.0-or-later",
			"devDependencies": {
				"@types/react": "^19.2.15",
				"@wordpress/create-block": "file:../../../../packages/create-block/",
				"@wordpress/editor": "file:../../../../packages/editor",
				"@wordpress/wp-build": "file:../../../../packages/wp-build/"
			}
		},
		"../../../../packages/create-block": {
			"dev": true
		},
		"../../../../packages/editor": {
			"dev": true
		},
		"../../../../packages/wp-build": {
			"dev": true
		},
		"node_modules/@types/react": {
			"version": "19.2.17",
			"resolved": "https://registry.npmjs.org/@types/react/-/react-19.2.17.tgz",
			"integrity": "sha512-MXfmqaVPEVgkBT/aY0aGCkRWWtByiYQXo3xdQ8r5RzuFrPiRn8Gar2tQdXSUQ2GKV3bkXckek89V8wQBY2Q/Aw==",
			"dev": true,
			"license": "MIT",
			"dependencies": {
				"csstype": "^3.2.2"
			}
		},
		"node_modules/@wordpress/create-block": {
			"resolved": "../../../../packages/create-block",
			"link": true
		},
		"node_modules/@wordpress/editor": {
			"resolved": "../../../../packages/editor",
			"link": true
		},
		"node_modules/@wordpress/wp-build": {
			"resolved": "../../../../packages/wp-build",
			"link": true
		},
		"node_modules/csstype": {
			"version": "3.2.3",
			"resolved": "https://registry.npmjs.org/csstype/-/csstype-3.2.3.tgz",
			"integrity": "sha512-z1HGKcYy2xA8AGQfwrn0PAy+PB7X/GSj3UVJW9qKyn43xWa+gl5nXmU4qqLMRzWVLFC8KusUX8T/0kCiOYpAIQ==",
			"dev": true,
			"license": "MIT"
		}
	}
}
